// !$*UTF8*$!
{
	archiveVersion = 1;
	classes = {
	};
	objectVersion = 55;
	objects = {

/* Begin PBXBuildFile section */
		16CF360A28E9474A00105131 /* AppDelegate.swift in Sources */ = {isa = PBXBuildFile; fileRef = 16CF360928E9474A00105131 /* AppDelegate.swift */; };
		16CF360C28E9474A00105131 /* SceneDelegate.swift in Sources */ = {isa = PBXBuildFile; fileRef = 16CF360B28E9474A00105131 /* SceneDelegate.swift */; };
		16CF360E28E9474A00105131 /* ViewController.swift in Sources */ = {isa = PBXBuildFile; fileRef = 16CF360D28E9474A00105131 /* ViewController.swift */; };
		16CF361128E9474A00105131 /* Main.storyboard in Resources */ = {isa = PBXBuildFile; fileRef = 16CF360F28E9474A00105131 /* Main.storyboard */; };
		16CF361428E9474A00105131 /* Examino.xcdatamodeld in Sources */ = {isa = PBXBuildFile; fileRef = 16CF361228E9474A00105131 /* Examino.xcdatamodeld */; };
		16CF361628E9474C00105131 /* Assets.xcassets in Resources */ = {isa = PBXBuildFile; fileRef = 16CF361528E9474C00105131 /* Assets.xcassets */; };
		16CF361928E9474C00105131 /* LaunchScreen.storyboard in Resources */ = {isa = PBXBuildFile; fileRef = 16CF361728E9474C00105131 /* LaunchScreen.storyboard */; };
		16CF362428E9474C00105131 /* ExaminoTests.swift in Sources */ = {isa = PBXBuildFile; fileRef = 16CF362328E9474C00105131 /* ExaminoTests.swift */; };
		16CF362E28E9474D00105131 /* ExaminoUITests.swift in Sources */ = {isa = PBXBuildFile; fileRef = 16CF362D28E9474D00105131 /* ExaminoUITests.swift */; };
		16CF363028E9474D00105131 /* ExaminoUITestsLaunchTests.swift in Sources */ = {isa = PBXBuildFile; fileRef = 16CF362F28E9474D00105131 /* ExaminoUITestsLaunchTests.swift */; };
		B14A22381530FCBEAA0F688B /* Pods_Examino_ExaminoUITests.framework in Frameworks */ = {isa = PBXBuildFile; fileRef = 73A96A4991541399D60F1B01 /* Pods_Examino_ExaminoUITests.framework */; };
		F7A04F94BDFF4AD4D25009ED /* Pods_Examino.framework in Frameworks */ = {isa = PBXBuildFile; fileRef = 35033F07E86C87BC282F3E8C /* Pods_Examino.framework */; };
		FF25C523D2AD5DE7915C39B5 /* Pods_ExaminoTests.framework in Frameworks */ = {isa = PBXBuildFile; fileRef = 7E17639BAB5CAFF47008A0B1 /* Pods_ExaminoTests.framework */; };
/* End PBXBuildFile section */

/* Begin PBXContainerItemProxy section */
		16CF362028E9474C00105131 /* PBXContainerItemProxy */ = {
			isa = PBXContainerItemProxy;
			containerPortal = 16CF35FE28E9474A00105131 /* Project object */;
			proxyType = 1;
			remoteGlobalIDString = 16CF360528E9474A00105131;
			remoteInfo = Examino;
		};
		16CF362A28E9474D00105131 /* PBXContainerItemProxy */ = {
			isa = PBXContainerItemProxy;
			containerPortal = 16CF35FE28E9474A00105131 /* Project object */;
			proxyType = 1;
			remoteGlobalIDString = 16CF360528E9474A00105131;
			remoteInfo = Examino;
		};
/* End PBXContainerItemProxy section */

/* Begin PBXFileReference section */
		16CF360628E9474A00105131 /* Examino.app */ = {isa = PBXFileReference; explicitFileType = wrapper.application; includeInIndex = 0; path = Examino.app; sourceTree = BUILT_PRODUCTS_DIR; };
		16CF360928E9474A00105131 /* AppDelegate.swift */ = {isa = PBXFileReference; lastKnownFileType = sourcecode.swift; path = AppDelegate.swift; sourceTree = "<group>"; };
		16CF360B28E9474A00105131 /* SceneDelegate.swift */ = {isa = PBXFileReference; lastKnownFileType = sourcecode.swift; path = SceneDelegate.swift; sourceTree = "<group>"; };
		16CF360D28E9474A00105131 /* ViewController.swift */ = {isa = PBXFileReference; lastKnownFileType = sourcecode.swift; path = ViewController.swift; sourceTree = "<group>"; };
		16CF361028E9474A00105131 /* Base */ = {isa = PBXFileReference; lastKnownFileType = file.storyboard; name = Base; path = Base.lproj/Main.storyboard; sourceTree = "<group>"; };
		16CF361328E9474A00105131 /* Examino.xcdatamodel */ = {isa = PBXFileReference; lastKnownFileType = wrapper.xcdatamodel; path = Examino.xcdatamodel; sourceTree = "<group>"; };
		16CF361528E9474C00105131 /* Assets.xcassets */ = {isa = PBXFileReference; lastKnownFileType = folder.assetcatalog; path = Assets.xcassets; sourceTree = "<group>"; };
		16CF361828E9474C00105131 /* Base */ = {isa = PBXFileReference; lastKnownFileType = file.storyboard; name = Base; path = Base.lproj/LaunchScreen.storyboard; sourceTree = "<group>"; };
		16CF361A28E9474C00105131 /* Info.plist */ = {isa = PBXFileReference; lastKnownFileType = text.plist.xml; path = Info.plist; sourceTree = "<group>"; };
		16CF361F28E9474C00105131 /* ExaminoTests.xctest */ = {isa = PBXFileReference; explicitFileType = wrapper.cfbundle; includeInIndex = 0; path = ExaminoTests.xctest; sourceTree = BUILT_PRODUCTS_DIR; };
		16CF362328E9474C00105131 /* ExaminoTests.swift */ = {isa = PBXFileReference; lastKnownFileType = sourcecode.swift; path = ExaminoTests.swift; sourceTree = "<group>"; };
		16CF362928E9474D00105131 /* ExaminoUITests.xctest */ = {isa = PBXFileReference; explicitFileType = wrapper.cfbundle; includeInIndex = 0; path = ExaminoUITests.xctest; sourceTree = BUILT_PRODUCTS_DIR; };
		16CF362D28E9474D00105131 /* ExaminoUITests.swift */ = {isa = PBXFileReference; lastKnownFileType = sourcecode.swift; path = ExaminoUITests.swift; sourceTree = "<group>"; };
		16CF362F28E9474D00105131 /* ExaminoUITestsLaunchTests.swift */ = {isa = PBXFileReference; lastKnownFileType = sourcecode.swift; path = ExaminoUITestsLaunchTests.swift; sourceTree = "<group>"; };
		189ECD8B8D2E49B025D81140 /* Pods-Examino.debug.xcconfig */ = {isa = PBXFileReference; includeInIndex = 1; lastKnownFileType = text.xcconfig; name = "Pods-Examino.debug.xcconfig"; path = "Target Support Files/Pods-Examino/Pods-Examino.debug.xcconfig"; sourceTree = "<group>"; };
		35033F07E86C87BC282F3E8C /* Pods_Examino.framework */ = {isa = PBXFileReference; explicitFileType = wrapper.framework; includeInIndex = 0; path = Pods_Examino.framework; sourceTree = BUILT_PRODUCTS_DIR; };
		44560FD27E5779AE44AD63B1 /* Pods-Examino-ExaminoUITests.debug.xcconfig */ = {isa = PBXFileReference; includeInIndex = 1; lastKnownFileType = text.xcconfig; name = "Pods-Examino-ExaminoUITests.debug.xcconfig"; path = "Target Support Files/Pods-Examino-ExaminoUITests/Pods-Examino-ExaminoUITests.debug.xcconfig"; sourceTree = "<group>"; };
		4EE020CD981BB1394AE7A8D2 /* Pods-Examino-ExaminoUITests.release.xcconfig */ = {isa = PBXFileReference; includeInIndex = 1; lastKnownFileType = text.xcconfig; name = "Pods-Examino-ExaminoUITests.release.xcconfig"; path = "Target Support Files/Pods-Examino-ExaminoUITests/Pods-Examino-ExaminoUITests.release.xcconfig"; sourceTree = "<group>"; };
		5A23781F0C7A2E83BCACC0FC /* Pods-ExaminoTests.debug.xcconfig */ = {isa = PBXFileReference; includeInIndex = 1; lastKnownFileType = text.xcconfig; name = "Pods-ExaminoTests.debug.xcconfig"; path = "Target Support Files/Pods-ExaminoTests/Pods-ExaminoTests.debug.xcconfig"; sourceTree = "<group>"; };
		73A96A4991541399D60F1B01 /* Pods_Examino_ExaminoUITests.framework */ = {isa = PBXFileReference; explicitFileType = wrapper.framework; includeInIndex = 0; path = Pods_Examino_ExaminoUITests.framework; sourceTree = BUILT_PRODUCTS_DIR; };
		7E17639BAB5CAFF47008A0B1 /* Pods_ExaminoTests.framework */ = {isa = PBXFileReference; explicitFileType = wrapper.framework; includeInIndex = 0; path = Pods_ExaminoTests.framework; sourceTree = BUILT_PRODUCTS_DIR; };
		92951202920179F88E76ECD7 /* Pods-ExaminoTests.release.xcconfig */ = {isa = PBXFileReference; includeInIndex = 1; lastKnownFileType = text.xcconfig; name = "Pods-ExaminoTests.release.xcconfig"; path = "Target Support Files/Pods-ExaminoTests/Pods-ExaminoTests.release.xcconfig"; sourceTree = "<group>"; };
		9AC9BD083D1C2FA318D3AECF /* Pods-Examino.release.xcconfig */ = {isa = PBXFileReference; includeInIndex = 1; lastKnownFileType = text.xcconfig; name = "Pods-Examino.release.xcconfig"; path = "Target Support Files/Pods-Examino/Pods-Examino.release.xcconfig"; sourceTree = "<group>"; };
/* End PBXFileReference section */

/* Begin PBXFrameworksBuildPhase section */
		16CF360328E9474A00105131 /* Frameworks */ = {
			isa = PBXFrameworksBuildPhase;
			buildActionMask = 2147483647;
			files = (
				F7A04F94BDFF4AD4D25009ED /* Pods_Examino.framework in Frameworks */,
			);
			runOnlyForDeploymentPostprocessing = 0;
		};
		16CF361C28E9474C00105131 /* Frameworks */ = {
			isa = PBXFrameworksBuildPhase;
			buildActionMask = 2147483647;
			files = (
				FF25C523D2AD5DE7915C39B5 /* Pods_ExaminoTests.framework in Frameworks */,
			);
			runOnlyForDeploymentPostprocessing = 0;
		};
		16CF362628E9474D00105131 /* Frameworks */ = {
			isa = PBXFrameworksBuildPhase;
			buildActionMask = 2147483647;
			files = (
				B14A22381530FCBEAA0F688B /* Pods_Examino_ExaminoUITests.framework in Frameworks */,
			);
			runOnlyForDeploymentPostprocessing = 0;
		};
/* End PBXFrameworksBuildPhase section */

/* Begin PBXGroup section */
		16CF35FD28E9474A00105131 = {
			isa = PBXGroup;
			children = (
				16CF360828E9474A00105131 /* Examino */,
				16CF362228E9474C00105131 /* ExaminoTests */,
				16CF362C28E9474D00105131 /* ExaminoUITests */,
				16CF360728E9474A00105131 /* Products */,
				590D1453830148AA3FADB986 /* Pods */,
				22EE9C5A64C4A700B6281945 /* Frameworks */,
			);
			sourceTree = "<group>";
		};
		16CF360728E9474A00105131 /* Products */ = {
			isa = PBXGroup;
			children = (
				16CF360628E9474A00105131 /* Examino.app */,
				16CF361F28E9474C00105131 /* ExaminoTests.xctest */,
				16CF362928E9474D00105131 /* ExaminoUITests.xctest */,
			);
			name = Products;
			sourceTree = "<group>";
		};
		16CF360828E9474A00105131 /* Examino */ = {
			isa = PBXGroup;
			children = (
				16CF360928E9474A00105131 /* AppDelegate.swift */,
				16CF360B28E9474A00105131 /* SceneDelegate.swift */,
				16CF360D28E9474A00105131 /* ViewController.swift */,
				16CF360F28E9474A00105131 /* Main.storyboard */,
				16CF361528E9474C00105131 /* Assets.xcassets */,
				16CF361728E9474C00105131 /* LaunchScreen.storyboard */,
				16CF361A28E9474C00105131 /* Info.plist */,
				16CF361228E9474A00105131 /* Examino.xcdatamodeld */,
			);
			path = Examino;
			sourceTree = "<group>";
		};
		16CF362228E9474C00105131 /* ExaminoTests */ = {
			isa = PBXGroup;
			children = (
				16CF362328E9474C00105131 /* ExaminoTests.swift */,
			);
			path = ExaminoTests;
			sourceTree = "<group>";
		};
		16CF362C28E9474D00105131 /* ExaminoUITests */ = {
			isa = PBXGroup;
			children = (
				16CF362D28E9474D00105131 /* ExaminoUITests.swift */,
				16CF362F28E9474D00105131 /* ExaminoUITestsLaunchTests.swift */,
			);
			path = ExaminoUITests;
			sourceTree = "<group>";
		};
		22EE9C5A64C4A700B6281945 /* Frameworks */ = {
			isa = PBXGroup;
			children = (
				35033F07E86C87BC282F3E8C /* Pods_Examino.framework */,
				73A96A4991541399D60F1B01 /* Pods_Examino_ExaminoUITests.framework */,
				7E17639BAB5CAFF47008A0B1 /* Pods_ExaminoTests.framework */,
			);
			name = Frameworks;
			sourceTree = "<group>";
		};
		590D1453830148AA3FADB986 /* Pods */ = {
			isa = PBXGroup;
			children = (
				189ECD8B8D2E49B025D81140 /* Pods-Examino.debug.xcconfig */,
				9AC9BD083D1C2FA318D3AECF /* Pods-Examino.release.xcconfig */,
				44560FD27E5779AE44AD63B1 /* Pods-Examino-ExaminoUITests.debug.xcconfig */,
				4EE020CD981BB1394AE7A8D2 /* Pods-Examino-ExaminoUITests.release.xcconfig */,
				5A23781F0C7A2E83BCACC0FC /* Pods-ExaminoTests.debug.xcconfig */,
				92951202920179F88E76ECD7 /* Pods-ExaminoTests.release.xcconfig */,
			);
			name = Pods;
			path = Pods;
			sourceTree = "<group>";
		};
/* End PBXGroup section */

/* Begin PBXNativeTarget section */
		16CF360528E9474A00105131 /* Examino */ = {
			isa = PBXNativeTarget;
			buildConfigurationList = 16CF363328E9474D00105131 /* Build configuration list for PBXNativeTarget "Examino" */;
			buildPhases = (
				F4998490EFC956DF90778BA4 /* [CP] Check Pods Manifest.lock */,
				16CF360228E9474A00105131 /* Sources */,
				16CF360328E9474A00105131 /* Frameworks */,
				16CF360428E9474A00105131 /* Resources */,
				B1DED2AB033FBB69288B6EBD /* [CP] Embed Pods Frameworks */,
			);
			buildRules = (
			);
			dependencies = (
			);
			name = Examino;
			productName = Examino;
			productReference = 16CF360628E9474A00105131 /* Examino.app */;
			productType = "com.apple.product-type.application";
		};
		16CF361E28E9474C00105131 /* ExaminoTests */ = {
			isa = PBXNativeTarget;
			buildConfigurationList = 16CF363628E9474D00105131 /* Build configuration list for PBXNativeTarget "ExaminoTests" */;
			buildPhases = (
				3559C5325840C9DE92CCCFE1 /* [CP] Check Pods Manifest.lock */,
				16CF361B28E9474C00105131 /* Sources */,
				16CF361C28E9474C00105131 /* Frameworks */,
				16CF361D28E9474C00105131 /* Resources */,
			);
			buildRules = (
			);
			dependencies = (
				16CF362128E9474C00105131 /* PBXTargetDependency */,
			);
			name = ExaminoTests;
			productName = ExaminoTests;
			productReference = 16CF361F28E9474C00105131 /* ExaminoTests.xctest */;
			productType = "com.apple.product-type.bundle.unit-test";
		};
		16CF362828E9474D00105131 /* ExaminoUITests */ = {
			isa = PBXNativeTarget;
			buildConfigurationList = 16CF363928E9474D00105131 /* Build configuration list for PBXNativeTarget "ExaminoUITests" */;
			buildPhases = (
				E55A460AA28B3058BD3D7B05 /* [CP] Check Pods Manifest.lock */,
				16CF362528E9474D00105131 /* Sources */,
				16CF362628E9474D00105131 /* Frameworks */,
				16CF362728E9474D00105131 /* Resources */,
				22082D14142738402022314E /* [CP] Embed Pods Frameworks */,
			);
			buildRules = (
			);
			dependencies = (
				16CF362B28E9474D00105131 /* PBXTargetDependency */,
			);
			name = ExaminoUITests;
			productName = ExaminoUITests;
			productReference = 16CF362928E9474D00105131 /* ExaminoUITests.xctest */;
			productType = "com.apple.product-type.bundle.ui-testing";
		};
/* End PBXNativeTarget section */

/* Begin PBXProject section */
		16CF35FE28E9474A00105131 /* Project object */ = {
			isa = PBXProject;
			attributes = {
				BuildIndependentTargetsInParallel = 1;
				LastSwiftUpdateCheck = 1320;
				LastUpgradeCheck = 1320;
				TargetAttributes = {
					16CF360528E9474A00105131 = {
						CreatedOnToolsVersion = 13.2.1;
					};
					16CF361E28E9474C00105131 = {
						CreatedOnToolsVersion = 13.2.1;
						TestTargetID = 16CF360528E9474A00105131;
					};
					16CF362828E9474D00105131 = {
						CreatedOnToolsVersion = 13.2.1;
						TestTargetID = 16CF360528E9474A00105131;
					};
				};
			};
			buildConfigurationList = 16CF360128E9474A00105131 /* Build configuration list for PBXProject "Examino" */;
			compatibilityVersion = "Xcode 13.0";
			developmentRegion = en;
			hasScannedForEncodings = 0;
			knownRegions = (
				en,
				Base,
			);
			mainGroup = 16CF35FD28E9474A00105131;
			productRefGroup = 16CF360728E9474A00105131 /* Products */;
			projectDirPath = "";
			projectRoot = "";
			targets = (
				16CF360528E9474A00105131 /* Examino */,
				16CF361E28E9474C00105131 /* ExaminoTests */,
				16CF362828E9474D00105131 /* ExaminoUITests */,
			);
		};
/* End PBXProject section */

/* Begin PBXResourcesBuildPhase section */
		16CF360428E9474A00105131 /* Resources */ = {
			isa = PBXResourcesBuildPhase;
			buildActionMask = 2147483647;
			files = (
				16CF361928E9474C00105131 /* LaunchScreen.storyboard in Resources */,
				16CF361628E9474C00105131 /* Assets.xcassets in Resources */,
				16CF361128E9474A00105131 /* Main.storyboard in Resources */,
			);
			runOnlyForDeploymentPostprocessing = 0;
		};
		16CF361D28E9474C00105131 /* Resources */ = {
			isa = PBXResourcesBuildPhase;
			buildActionMask = 2147483647;
			files = (
			);
			runOnlyForDeploymentPostprocessing = 0;
		};
		16CF362728E9474D00105131 /* Resources */ = {
			isa = PBXResourcesBuildPhase;
			buildActionMask = 2147483647;
			files = (
			);
			runOnlyForDeploymentPostprocessing = 0;
		};
/* End PBXResourcesBuildPhase section */

/* Begin PBXShellScriptBuildPhase section */
		22082D14142738402022314E /* [CP] Embed Pods Frameworks */ = {
			isa = PBXShellScriptBuildPhase;
			buildActionMask = 2147483647;
			files = (
			);
			inputFileListPaths = (
				"${PODS_ROOT}/Target Support Files/Pods-Examino-ExaminoUITests/Pods-Examino-ExaminoUITests-frameworks-${CONFIGURATION}-input-files.xcfilelist",
			);
			name = "[CP] Embed Pods Frameworks";
			outputFileListPaths = (
				"${PODS_ROOT}/Target Support Files/Pods-Examino-ExaminoUITests/Pods-Examino-ExaminoUITests-frameworks-${CONFIGURATION}-output-files.xcfilelist",
			);
			runOnlyForDeploymentPostprocessing = 0;
			shellPath = /bin/sh;
			shellScript = "\"${PODS_ROOT}/Target Support Files/Pods-Examino-ExaminoUITests/Pods-Examino-ExaminoUITests-frameworks.sh\"\n";
			showEnvVarsInLog = 0;
		};
		3559C5325840C9DE92CCCFE1 /* [CP] Check Pods Manifest.lock */ = {
			isa = PBXShellScriptBuildPhase;
			buildActionMask = 2147483647;
			files = (
			);
			inputFileListPaths = (
			);
			inputPaths = (
				"${PODS_PODFILE_DIR_PATH}/Podfile.lock",
				"${PODS_ROOT}/Manifest.lock",
			);
			name = "[CP] Check Pods Manifest.lock";
			outputFileListPaths = (
			);
			outputPaths = (
				"$(DERIVED_FILE_DIR)/Pods-ExaminoTests-checkManifestLockResult.txt",
			);
			runOnlyForDeploymentPostprocessing = 0;
			shellPath = /bin/sh;
			shellScript = "diff \"${PODS_PODFILE_DIR_PATH}/Podfile.lock\" \"${PODS_ROOT}/Manifest.lock\" > /dev/null\nif [ $? != 0 ] ; then\n    # print error to STDERR\n    echo \"error: The sandbox is not in sync with the Podfile.lock. Run 'pod install' or update your CocoaPods installation.\" >&2\n    exit 1\nfi\n# This output is used by Xcode 'outputs' to avoid re-running this script phase.\necho \"SUCCESS\" > \"${SCRIPT_OUTPUT_FILE_0}\"\n";
			showEnvVarsInLog = 0;
		};
		B1DED2AB033FBB69288B6EBD /* [CP] Embed Pods Frameworks */ = {
			isa = PBXShellScriptBuildPhase;
			buildActionMask = 2147483647;
			files = (
			);
			inputFileListPaths = (
				"${PODS_ROOT}/Target Support Files/Pods-Examino/Pods-Examino-frameworks-${CONFIGURATION}-input-files.xcfilelist",
			);
			name = "[CP] Embed Pods Frameworks";
			outputFileListPaths = (
				"${PODS_ROOT}/Target Support Files/Pods-Examino/Pods-Examino-frameworks-${CONFIGURATION}-output-files.xcfilelist",
			);
			runOnlyForDeploymentPostprocessing = 0;
			shellPath = /bin/sh;
			shellScript = "\"${PODS_ROOT}/Target Support Files/Pods-Examino/Pods-Examino-frameworks.sh\"\n";
			showEnvVarsInLog = 0;
		};
		E55A460AA28B3058BD3D7B05 /* [CP] Check Pods Manifest.lock */ = {
			isa = PBXShellScriptBuildPhase;
			buildActionMask = 2147483647;
			files = (
			);
			inputFileListPaths = (
			);
			inputPaths = (
				"${PODS_PODFILE_DIR_PATH}/Podfile.lock",
				"${PODS_ROOT}/Manifest.lock",
			);
			name = "[CP] Check Pods Manifest.lock";
			outputFileListPaths = (
			);
			outputPaths = (
				"$(DERIVED_FILE_DIR)/Pods-Examino-ExaminoUITests-checkManifestLockResult.txt",
			);
			runOnlyForDeploymentPostprocessing = 0;
			shellPath = /bin/sh;
			shellScript = "diff \"${PODS_PODFILE_DIR_PATH}/Podfile.lock\" \"${PODS_ROOT}/Manifest.lock\" > /dev/null\nif [ $? != 0 ] ; then\n    # print error to STDERR\n    echo \"error: The sandbox is not in sync with the Podfile.lock. Run 'pod install' or update your CocoaPods installation.\" >&2\n    exit 1\nfi\n# This output is used by Xcode 'outputs' to avoid re-running this script phase.\necho \"SUCCESS\" > \"${SCRIPT_OUTPUT_FILE_0}\"\n";
			showEnvVarsInLog = 0;
		};
		F4998490EFC956DF90778BA4 /* [CP] Check Pods Manifest.lock */ = {
			isa = PBXShellScriptBuildPhase;
			buildActionMask = 2147483647;
			files = (
			);
			inputFileListPaths = (
			);
			inputPaths = (
				"${PODS_PODFILE_DIR_PATH}/Podfile.lock",
				"${PODS_ROOT}/Manifest.lock",
			);
			name = "[CP] Check Pods Manifest.lock";
			outputFileListPaths = (
			);
			outputPaths = (
				"$(DERIVED_FILE_DIR)/Pods-Examino-checkManifestLockResult.txt",
			);
			runOnlyForDeploymentPostprocessing = 0;
			shellPath = /bin/sh;
			shellScript = "diff \"${PODS_PODFILE_DIR_PATH}/Podfile.lock\" \"${PODS_ROOT}/Manifest.lock\" > /dev/null\nif [ $? != 0 ] ; then\n    # print error to STDERR\n    echo \"error: The sandbox is not in sync with the Podfile.lock. Run 'pod install' or update your CocoaPods installation.\" >&2\n    exit 1\nfi\n# This output is used by Xcode 'outputs' to avoid re-running this script phase.\necho \"SUCCESS\" > \"${SCRIPT_OUTPUT_FILE_0}\"\n";
			showEnvVarsInLog = 0;
		};
/* End PBXShellScriptBuildPhase section */

/* Begin PBXSourcesBuildPhase section */
		16CF360228E9474A00105131 /* Sources */ = {
			isa = PBXSourcesBuildPhase;
			buildActionMask = 2147483647;
			files = (
				16CF360E28E9474A00105131 /* ViewController.swift in Sources */,
				16CF361428E9474A00105131 /* Examino.xcdatamodeld in Sources */,
				16CF360A28E9474A00105131 /* AppDelegate.swift in Sources */,
				16CF360C28E9474A00105131 /* SceneDelegate.swift in Sources */,
			);
			runOnlyForDeploymentPostprocessing = 0;
		};
		16CF361B28E9474C00105131 /* Sources */ = {
			isa = PBXSourcesBuildPhase;
			buildActionMask = 2147483647;
			files = (
				16CF362428E9474C00105131 /* ExaminoTests.swift in Sources */,
			);
			runOnlyForDeploymentPostprocessing = 0;
		};
		16CF362528E9474D00105131 /* Sources */ = {
			isa = PBXSourcesBuildPhase;
			buildActionMask = 2147483647;
			files = (
				16CF363028E9474D00105131 /* ExaminoUITestsLaunchTests.swift in Sources */,
				16CF362E28E9474D00105131 /* ExaminoUITests.swift in Sources */,
			);
			runOnlyForDeploymentPostprocessing = 0;
		};
/* End PBXSourcesBuildPhase section */

/* Begin PBXTargetDependency section */
		16CF362128E9474C00105131 /* PBXTargetDependency */ = {
			isa = PBXTargetDependency;
			target = 16CF360528E9474A00105131 /* Examino */;
			targetProxy = 16CF362028E9474C00105131 /* PBXContainerItemProxy */;
		};
		16CF362B28E9474D00105131 /* PBXTargetDependency */ = {
			isa = PBXTargetDependency;
			target = 16CF360528E9474A00105131 /* Examino */;
			targetProxy = 16CF362A28E9474D00105131 /* PBXContainerItemProxy */;
		};
/* End PBXTargetDependency section */

/* Begin PBXVariantGroup section */
		16CF360F28E9474A00105131 /* Main.storyboard */ = {
			isa = PBXVariantGroup;
			children = (
				16CF361028E9474A00105131 /* Base */,
			);
			name = Main.storyboard;
			sourceTree = "<group>";
		};
		16CF361728E9474C00105131 /* LaunchScreen.storyboard */ = {
			isa = PBXVariantGroup;
			children = (
				16CF361828E9474C00105131 /* Base */,
			);
			name = LaunchScreen.storyboard;
			sourceTree = "<group>";
		};
/* End PBXVariantGroup section */

/* Begin XCBuildConfiguration section */
		16CF363128E9474D00105131 /* Debug */ = {
			isa = XCBuildConfiguration;
			buildSettings = {
				ALWAYS_SEARCH_USER_PATHS = NO;
				CLANG_ANALYZER_NONNULL = YES;
				CLANG_ANALYZER_NUMBER_OBJECT_CONVERSION = YES_AGGRESSIVE;
				CLANG_CXX_LANGUAGE_STANDARD = "gnu++17";
				CLANG_CXX_LIBRARY = "libc++";
				CLANG_ENABLE_MODULES = YES;
				CLANG_ENABLE_OBJC_ARC = YES;
				CLANG_ENABLE_OBJC_WEAK = YES;
				CLANG_WARN_BLOCK_CAPTURE_AUTORELEASING = YES;
				CLANG_WARN_BOOL_CONVERSION = YES;
				CLANG_WARN_COMMA = YES;
				CLANG_WARN_CONSTANT_CONVERSION = YES;
				CLANG_WARN_DEPRECATED_OBJC_IMPLEMENTATIONS = YES;
				CLANG_WARN_DIRECT_OBJC_ISA_USAGE = YES_ERROR;
				CLANG_WARN_DOCUMENTATION_COMMENTS = YES;
				CLANG_WARN_EMPTY_BODY = YES;
				CLANG_WARN_ENUM_CONVERSION = YES;
				CLANG_WARN_INFINITE_RECURSION = YES;
				CLANG_WARN_INT_CONVERSION = YES;
				CLANG_WARN_NON_LITERAL_NULL_CONVERSION = YES;
				CLANG_WARN_OBJC_IMPLICIT_RETAIN_SELF = YES;
				CLANG_WARN_OBJC_LITERAL_CONVERSION = YES;
				CLANG_WARN_OBJC_ROOT_CLASS = YES_ERROR;
				CLANG_WARN_QUOTED_INCLUDE_IN_FRAMEWORK_HEADER = YES;
				CLANG_WARN_RANGE_LOOP_ANALYSIS = YES;
				CLANG_WARN_STRICT_PROTOTYPES = YES;
				CLANG_WARN_SUSPICIOUS_MOVE = YES;
				CLANG_WARN_UNGUARDED_AVAILABILITY = YES_AGGRESSIVE;
				CLANG_WARN_UNREACHABLE_CODE = YES;
				CLANG_WARN__DUPLICATE_METHOD_MATCH = YES;
				COPY_PHASE_STRIP = NO;
				DEBUG_INFORMATION_FORMAT = dwarf;
				ENABLE_STRICT_OBJC_MSGSEND = YES;
				ENABLE_TESTABILITY = YES;
				GCC_C_LANGUAGE_STANDARD = gnu11;
				GCC_DYNAMIC_NO_PIC = NO;
				GCC_NO_COMMON_BLOCKS = YES;
				GCC_OPTIMIZATION_LEVEL = 0;
				GCC_PREPROCESSOR_DEFINITIONS = (
					"DEBUG=1",
					"$(inherited)",
				);
				GCC_WARN_64_TO_32_BIT_CONVERSION = YES;
				GCC_WARN_ABOUT_RETURN_TYPE = YES_ERROR;
				GCC_WARN_UNDECLARED_SELECTOR = YES;
				GCC_WARN_UNINITIALIZED_AUTOS = YES_AGGRESSIVE;
				GCC_WARN_UNUSED_FUNCTION = YES;
				GCC_WARN_UNUSED_VARIABLE = YES;
				IPHONEOS_DEPLOYMENT_TARGET = 15.2;
				MTL_ENABLE_DEBUG_INFO = INCLUDE_SOURCE;
				MTL_FAST_MATH = YES;
				ONLY_ACTIVE_ARCH = YES;
				SDKROOT = iphoneos;
				SWIFT_ACTIVE_COMPILATION_CONDITIONS = DEBUG;
				SWIFT_OPTIMIZATION_LEVEL = "-Onone";
			};
			name = Debug;
		};
		16CF363228E9474D00105131 /* Release */ = {
			isa = XCBuildConfiguration;
			buildSettings = {
				ALWAYS_SEARCH_USER_PATHS = NO;
				CLANG_ANALYZER_NONNULL = YES;
				CLANG_ANALYZER_NUMBER_OBJECT_CONVERSION = YES_AGGRESSIVE;
				CLANG_CXX_LANGUAGE_STANDARD = "gnu++17";
				CLANG_CXX_LIBRARY = "libc++";
				CLANG_ENABLE_MODULES = YES;
				CLANG_ENABLE_OBJC_ARC = YES;
				CLANG_ENABLE_OBJC_WEAK = YES;
				CLANG_WARN_BLOCK_CAPTURE_AUTORELEASING = YES;
				CLANG_WARN_BOOL_CONVERSION = YES;
				CLANG_WARN_COMMA = YES;
				CLANG_WARN_CONSTANT_CONVERSION = YES;
				CLANG_WARN_DEPRECATED_OBJC_IMPLEMENTATIONS = YES;
				CLANG_WARN_DIRECT_OBJC_ISA_USAGE = YES_ERROR;
				CLANG_WARN_DOCUMENTATION_COMMENTS = YES;
				CLANG_WARN_EMPTY_BODY = YES;
				CLANG_WARN_ENUM_CONVERSION = YES;
				CLANG_WARN_INFINITE_RECURSION = YES;
				CLANG_WARN_INT_CONVERSION = YES;
				CLANG_WARN_NON_LITERAL_NULL_CONVERSION = YES;
				CLANG_WARN_OBJC_IMPLICIT_RETAIN_SELF = YES;
				CLANG_WARN_OBJC_LITERAL_CONVERSION = YES;
				CLANG_WARN_OBJC_ROOT_CLASS = YES_ERROR;
				CLANG_WARN_QUOTED_INCLUDE_IN_FRAMEWORK_HEADER = YES;
				CLANG_WARN_RANGE_LOOP_ANALYSIS = YES;
				CLANG_WARN_STRICT_PROTOTYPES = YES;
				CLANG_WARN_SUSPICIOUS_MOVE = YES;
				CLANG_WARN_UNGUARDED_AVAILABILITY = YES_AGGRESSIVE;
				CLANG_WARN_UNREACHABLE_CODE = YES;
				CLANG_WARN__DUPLICATE_METHOD_MATCH = YES;
				COPY_PHASE_STRIP = NO;
				DEBUG_INFORMATION_FORMAT = "dwarf-with-dsym";
				ENABLE_NS_ASSERTIONS = NO;
				ENABLE_STRICT_OBJC_MSGSEND = YES;
				GCC_C_LANGUAGE_STANDARD = gnu11;
				GCC_NO_COMMON_BLOCKS = YES;
				GCC_WARN_64_TO_32_BIT_CONVERSION = YES;
				GCC_WARN_ABOUT_RETURN_TYPE = YES_ERROR;
				GCC_WARN_UNDECLARED_SELECTOR = YES;
				GCC_WARN_UNINITIALIZED_AUTOS = YES_AGGRESSIVE;
				GCC_WARN_UNUSED_FUNCTION = YES;
				GCC_WARN_UNUSED_VARIABLE = YES;
				IPHONEOS_DEPLOYMENT_TARGET = 15.2;
				MTL_ENABLE_DEBUG_INFO = NO;
				MTL_FAST_MATH = YES;
				SDKROOT = iphoneos;
				SWIFT_COMPILATION_MODE = wholemodule;
				SWIFT_OPTIMIZATION_LEVEL = "-O";
				VALIDATE_PRODUCT = YES;
			};
			name = Release;
		};
		16CF363428E9474D00105131 /* Debug */ = {
			isa = XCBuildConfiguration;
			baseConfigurationReference = 189ECD8B8D2E49B025D81140 /* Pods-Examino.debug.xcconfig */;
			buildSettings = {
				ASSETCATALOG_COMPILER_APPICON_NAME = AppIcon;
				ASSETCATALOG_COMPILER_GLOBAL_ACCENT_COLOR_NAME = AccentColor;
				CODE_SIGN_STYLE = Automatic;
				CURRENT_PROJECT_VERSION = 1;
				GENERATE_INFOPLIST_FILE = YES;
				INFOPLIST_FILE = Examino/Info.plist;
				INFOPLIST_KEY_UIApplicationSupportsIndirectInputEvents = YES;
				INFOPLIST_KEY_UILaunchStoryboardName = LaunchScreen;
				INFOPLIST_KEY_UIMainStoryboardFile = Main;
				INFOPLIST_KEY_UISupportedInterfaceOrientations_iPad = "UIInterfaceOrientationPortrait UIInterfaceOrientationPortraitUpsideDown UIInterfaceOrientationLandscapeLeft UIInterfaceOrientationLandscapeRight";
				INFOPLIST_KEY_UISupportedInterfaceOrientations_iPhone = "UIInterfaceOrientationPortrait UIInterfaceOrientationLandscapeLeft UIInterfaceOrientationLandscapeRight";
				LD_RUNPATH_SEARCH_PATHS = (
					"$(inherited)",
					"@executable_path/Frameworks",
				);
				MARKETING_VERSION = 1.0;
				PRODUCT_BUNDLE_IDENTIFIER = Hack.Examino;
				PRODUCT_NAME = "$(TARGET_NAME)";
				SWIFT_EMIT_LOC_STRINGS = YES;
				SWIFT_VERSION = 5.0;
				TARGETED_DEVICE_FAMILY = "1,2";
			};
			name = Debug;
		};
		16CF363528E9474D00105131 /* Release */ = {
			isa = XCBuildConfiguration;
			baseConfigurationReference = 9AC9BD083D1C2FA318D3AECF /* Pods-Examino.release.xcconfig */;
			buildSettings = {
				ASSETCATALOG_COMPILER_APPICON_NAME = AppIcon;
				ASSETCATALOG_COMPILER_GLOBAL_ACCENT_COLOR_NAME = AccentColor;
				CODE_SIGN_STYLE = Automatic;
				CURRENT_PROJECT_VERSION = 1;
				GENERATE_INFOPLIST_FILE = YES;
				INFOPLIST_FILE = Examino/Info.plist;
				INFOPLIST_KEY_UIApplicationSupportsIndirectInputEvents = YES;
				INFOPLIST_KEY_UILaunchStoryboardName = LaunchScreen;
				INFOPLIST_KEY_UIMainStoryboardFile = Main;
				INFOPLIST_KEY_UISupportedInterfaceOrientations_iPad = "UIInterfaceOrientationPortrait UIInterfaceOrientationPortraitUpsideDown UIInterfaceOrientationLandscapeLeft UIInterfaceOrientationLandscapeRight";
				INFOPLIST_KEY_UISupportedInterfaceOrientations_iPhone = "UIInterfaceOrientationPortrait UIInterfaceOrientationLandscapeLeft UIInterfaceOrientationLandscapeRight";
				LD_RUNPATH_SEARCH_PATHS = (
					"$(inherited)",
					"@executable_path/Frameworks",
				);
				MARKETING_VERSION = 1.0;
				PRODUCT_BUNDLE_IDENTIFIER = Hack.Examino;
				PRODUCT_NAME = "$(TARGET_NAME)";
				SWIFT_EMIT_LOC_STRINGS = YES;
				SWIFT_VERSION = 5.0;
				TARGETED_DEVICE_FAMILY = "1,2";
			};
			name = Release;
		};
		16CF363728E9474D00105131 /* Debug */ = {
			isa = XCBuildConfiguration;
			baseConfigurationReference = 5A23781F0C7A2E83BCACC0FC /* Pods-ExaminoTests.debug.xcconfig */;
			buildSettings = {
				ALWAYS_EMBED_SWIFT_STANDARD_LIBRARIES = YES;
				BUNDLE_LOADER = "$(TEST_HOST)";
				CODE_SIGN_STYLE = Automatic;
				CURRENT_PROJECT_VERSION = 1;
				GENERATE_INFOPLIST_FILE = YES;
				IPHONEOS_DEPLOYMENT_TARGET = 15.2;
				MARKETING_VERSION = 1.0;
				PRODUCT_BUNDLE_IDENTIFIER = Hack.ExaminoTests;
				PRODUCT_NAME = "$(TARGET_NAME)";
				SWIFT_EMIT_LOC_STRINGS = NO;
				SWIFT_VERSION = 5.0;
				TARGETED_DEVICE_FAMILY = "1,2";
				TEST_HOST = "$(BUILT_PRODUCTS_DIR)/Examino.app/Examino";
			};
			name = Debug;
		};
		16CF363828E9474D00105131 /* Release */ = {
			isa = XCBuildConfiguration;
			baseConfigurationReference = 92951202920179F88E76ECD7 /* Pods-ExaminoTests.release.xcconfig */;
			buildSettings = {
				ALWAYS_EMBED_SWIFT_STANDARD_LIBRARIES = YES;
				BUNDLE_LOADER = "$(TEST_HOST)";
				CODE_SIGN_STYLE = Automatic;
				CURRENT_PROJECT_VERSION = 1;
				GENERATE_INFOPLIST_FILE = YES;
				IPHONEOS_DEPLOYMENT_TARGET = 15.2;
				MARKETING_VERSION = 1.0;
				PRODUCT_BUNDLE_IDENTIFIER = Hack.ExaminoTests;
				PRODUCT_NAME = "$(TARGET_NAME)";
				SWIFT_EMIT_LOC_STRINGS = NO;
				SWIFT_VERSION = 5.0;
				TARGETED_DEVICE_FAMILY = "1,2";
				TEST_HOST = "$(BUILT_PRODUCTS_DIR)/Examino.app/Examino";
			};
			name = Release;
		};
		16CF363A28E9474D00105131 /* Debug */ = {
			isa = XCBuildConfiguration;
			baseConfigurationReference = 44560FD27E5779AE44AD63B1 /* Pods-Examino-ExaminoUITests.debug.xcconfig */;
			buildSettings = {
				ALWAYS_EMBED_SWIFT_STANDARD_LIBRARIES = YES;
				CODE_SIGN_STYLE = Automatic;
				CURRENT_PROJECT_VERSION = 1;
				GENERATE_INFOPLIST_FILE = YES;
				MARKETING_VERSION = 1.0;
				PRODUCT_BUNDLE_IDENTIFIER = Hack.ExaminoUITests;
				PRODUCT_NAME = "$(TARGET_NAME)";
				SWIFT_EMIT_LOC_STRINGS = NO;
				SWIFT_VERSION = 5.0;
				TARGETED_DEVICE_FAMILY = "1,2";
				TEST_TARGET_NAME = Examino;
			};
			name = Debug;
		};
		16CF363B28E9474D00105131 /* Release */ = {
			isa = XCBuildConfiguration;
			baseConfigurationReference = 4EE020CD981BB1394AE7A8D2 /* Pods-Examino-ExaminoUITests.release.xcconfig */;
			buildSettings = {
				ALWAYS_EMBED_SWIFT_STANDARD_LIBRARIES = YES;
				CODE_SIGN_STYLE = Automatic;
				CURRENT_PROJECT_VERSION = 1;
				GENERATE_INFOPLIST_FILE = YES;
				MARKETING_VERSION = 1.0;
				PRODUCT_BUNDLE_IDENTIFIER = Hack.ExaminoUITests;
				PRODUCT_NAME = "$(TARGET_NAME)";
				SWIFT_EMIT_LOC_STRINGS = NO;
				SWIFT_VERSION = 5.0;
				TARGETED_DEVICE_FAMILY = "1,2";
				TEST_TARGET_NAME = Examino;
			};
			name = Release;
		};
/* End XCBuildConfiguration section */

/* Begin XCConfigurationList section */
		16CF360128E9474A00105131 /* Build configuration list for PBXProject "Examino" */ = {
			isa = XCConfigurationList;
			buildConfigurations = (
				16CF363128E9474D00105131 /* Debug */,
				16CF363228E9474D00105131 /* Release */,
			);
			defaultConfigurationIsVisible = 0;
			defaultConfigurationName = Release;
		};
		16CF363328E9474D00105131 /* Build configuration list for PBXNativeTarget "Examino" */ = {
			isa = XCConfigurationList;
			buildConfigurations = (
				16CF363428E9474D00105131 /* Debug */,
				16CF363528E9474D00105131 /* Release */,
			);
			defaultConfigurationIsVisible = 0;
			defaultConfigurationName = Release;
		};
		16CF363628E9474D00105131 /* Build configuration list for PBXNativeTarget "ExaminoTests" */ = {
			isa = XCConfigurationList;
			buildConfigurations = (
				16CF363728E9474D00105131 /* Debug */,
				16CF363828E9474D00105131 /* Release */,
			);
			defaultConfigurationIsVisible = 0;
			defaultConfigurationName = Release;
		};
		16CF363928E9474D00105131 /* Build configuration list for PBXNativeTarget "ExaminoUITests" */ = {
			isa = XCConfigurationList;
			buildConfigurations = (
				16CF363A28E9474D00105131 /* Debug */,
				16CF363B28E9474D00105131 /* Release */,
			);
			defaultConfigurationIsVisible = 0;
			defaultConfigurationName = Release;
		};
/* End XCConfigurationList section */

/* Begin XCVersionGroup section */
		16CF361228E9474A00105131 /* Examino.xcdatamodeld */ = {
			isa = XCVersionGroup;
			children = (
				16CF361328E9474A00105131 /* Examino.xcdatamodel */,
			);
			currentVersion = 16CF361328E9474A00105131 /* Examino.xcdatamodel */;
			path = Examino.xcdatamodeld;
			sourceTree = "<group>";
			versionGroupType = wrapper.xcdatamodel;
		};
/* End XCVersionGroup section */
	};
	rootObject = 16CF35FE28E9474A00105131 /* Project object */;
}
